
Microsoft Visual Studio Solution File, Format Version 12.00
# Visual Studio Version 16
VisualStudioVersion = 16.0.29102.190
MinimumVisualStudioVersion = 10.0.40219.1
Project("{F184B08F-C81C-45F6-A57F-5ABD9991F28F}") = "Uebung_Kontroll_Loops_Lotto", "Uebung_Kontroll_Loops_Lotto\Uebung_Kontroll_Loops_Lotto.vbproj", "{C6411599-2323-4619-A256-84388451B136}"
EndProject
Global
	GlobalSection(SolutionConfigurationPlatforms) = preSolution
		Debug|Any CPU = Debug|Any CPU
		Release|Any CPU = Release|Any CPU
	EndGlobalSection
	GlobalSection(ProjectConfigurationPlatforms) = postSolution
		{C6411599-2323-4619-A256-84388451B136}.Debug|Any CPU.ActiveCfg = Debug|Any CPU
		{C6411599-2323-4619-A256-84388451B136}.Debug|Any CPU.Build.0 = Debug|Any CPU
		{C6411599-2323-4619-A256-84388451B136}.Release|Any CPU.ActiveCfg = Release|Any CPU
		{C6411599-2323-4619-A256-84388451B136}.Release|Any CPU.Build.0 = Release|Any CPU
	EndGlobalSection
	GlobalSection(SolutionProperties) = preSolution
		HideSolutionNode = FALSE
	EndGlobalSection
	GlobalSection(ExtensibilityGlobals) = postSolution
		SolutionGuid = {BABF74A3-7449-4E1C-8B41-1EDD88F841A6}
	EndGlobalSection
EndGlobal
